{
  "name": "herdr-math",
  "version": "0.5.1",
  "lockfileVersion": 3,
  "requires": true,
  "packages": {
    "": {
      "name": "herdr-math",
      "version": "0.5.1",
      "license": "MIT",
      "dependencies": {
        "@resvg/resvg-js": "2.6.2",
        "mathjax-full": "3.2.2",
        "smol-toml": "1.8.0",
        "string-width": "7.2.0"
      },
      "engines": {
        "node": ">=20"
      }
    },
    "node_modules/@resvg/resvg-js": {
      "version": "2.6.2",
      "resolved": "https://registry.npmjs.org/@resvg/resvg-js/-/resvg-js-2.6.2.tgz",
      "integrity": "sha512-xBaJish5OeGmniDj9cW5PRa/PtmuVU3ziqrbr5xJj901ZDN4TosrVaNZpEiLZAxdfnhAe7uQ7QFWfjPe9d9K2Q==",
      "license": "MPL-2.0",
      "engines": {
        "node": ">= 10"
      },
      "optionalDependencies": {
        "@resvg/resvg-js-android-arm-eabi": "2.6.2",
        "@resvg/resvg-js-android-arm64": "2.6.2",
        "@resvg/resvg-js-darwin-arm64": "2.6.2",
        "@resvg/resvg-js-darwin-x64": "2.6.2",
        "@resvg/resvg-js-linux-arm-gnueabihf": "2.6.2",
        "@resvg/resvg-js-linux-arm64-gnu": "2.6.2",
        "@resvg/resvg-js-linux-arm64-musl": "2.6.2",
        "@resvg/resvg-js-linux-x64-gnu": "2.6.2",
        "@resvg/resvg-js-linux-x64-musl": "2.6.2",
        "@resvg/resvg-js-win32-arm64-msvc": "2.6.2",
        "@resvg/resvg-js-win32-ia32-msvc": "2.6.2",
        "@resvg/resvg-js-win32-x64-msvc": "2.6.2"
      }
    },
    "node_modules/@resvg/resvg-js-android-arm-eabi": {
      "version": "2.6.2",
      "resolved": "https://registry.npmjs.org/@resvg/resvg-js-android-arm-eabi/-/resvg-js-android-arm-eabi-2.6.2.tgz",
      "integrity": "sha512-FrJibrAk6v29eabIPgcTUMPXiEz8ssrAk7TXxsiZzww9UTQ1Z5KAbFJs+Z0Ez+VZTYgnE5IQJqBcoSiMebtPHA==",
      "cpu": [
        "arm"
      ],
      "license": "MPL-2.0",
      "optional": true,
      "os": [
        "android"
      ],
      "engines": {
        "node": ">= 10"
      }
    },
    "node_modules/@resvg/resvg-js-android-arm64": {
      "version": "2.6.2",
      "resolved": "https://registry.npmjs.org/@resvg/resvg-js-android-arm64/-/resvg-js-android-arm64-2.6.2.tgz",
      "integrity": "sha512-VcOKezEhm2VqzXpcIJoITuvUS/fcjIw5NA/w3tjzWyzmvoCdd+QXIqy3FBGulWdClvp4g+IfUemigrkLThSjAQ==",
      "cpu": [
        "arm64"
      ],
      "license": "MPL-2.0",
      "optional": true,
      "os": [
        "android"
      ],
      "engines": {
        "node": ">= 10"
      }
    },
    "node_modules/@resvg/resvg-js-darwin-arm64": {
      "version": "2.6.2",
      "resolved": "https://registry.npmjs.org/@resvg/resvg-js-darwin-arm64/-/resvg-js-darwin-arm64-2.6.2.tgz",
      "integrity": "sha512-nmok2LnAd6nLUKI16aEB9ydMC6Lidiiq2m1nEBDR1LaaP7FGs4AJ90qDraxX+CWlVuRlvNjyYJTNv8qFjtL9+A==",
      "cpu": [
        "arm64"
      ],
      "license": "MPL-2.0",
      "optional": true,
      "os": [
        "darwin"
      ],
      "engines": {
        "node": ">= 10"
      }
    },
    "node_modules/@resvg/resvg-js-darwin-x64": {
      "version": "2.6.2",
      "resolved": "https://registry.npmjs.org/@resvg/resvg-js-darwin-x64/-/resvg-js-darwin-x64-2.6.2.tgz",
      "integrity": "sha512-GInyZLjgWDfsVT6+SHxQVRwNzV0AuA1uqGsOAW+0th56J7Nh6bHHKXHBWzUrihxMetcFDmQMAX1tZ1fZDYSRsw==",
      "cpu": [
        "x64"
      ],
      "license": "MPL-2.0",
      "optional": true,
      "os": [
        "darwin"
      ],
      "engines": {
        "node": ">= 10"
      }
    },
    "node_modules/@resvg/resvg-js-linux-arm-gnueabihf": {
      "version": "2.6.2",
      "resolved": "https://registry.npmjs.org/@resvg/resvg-js-linux-arm-gnueabihf/-/resvg-js-linux-arm-gnueabihf-2.6.2.tgz",
      "integrity": "sha512-YIV3u/R9zJbpqTTNwTZM5/ocWetDKGsro0SWp70eGEM9eV2MerWyBRZnQIgzU3YBnSBQ1RcxRZvY/UxwESfZIw==",
      "cpu": [
        "arm"
      ],
      "license": "MPL-2.0",
      "optional": true,
      "os": [
        "linux"
      ],
      "engines": {
        "node": ">= 10"
      }
    },
    "node_modules/@resvg/resvg-js-linux-arm64-gnu": {
      "version": "2.6.2",
      "resolved": "https://registry.npmjs.org/@resvg/resvg-js-linux-arm64-gnu/-/resvg-js-linux-arm64-gnu-2.6.2.tgz",
      "integrity": "sha512-zc2BlJSim7YR4FZDQ8OUoJg5holYzdiYMeobb9pJuGDidGL9KZUv7SbiD4E8oZogtYY42UZEap7dqkkYuA91pg==",
      "cpu": [
        "arm64"
      ],
      "libc": [
        "glibc"
      ],
      "license": "MPL-2.0",
      "optional": true,
      "os": [
        "linux"
      ],
      "engines": {
        "node": ">= 10"
      }
    },
    "node_modules/@resvg/resvg-js-linux-arm64-musl": {
      "version": "2.6.2",
      "resolved": "https://registry.npmjs.org/@resvg/resvg-js-linux-arm64-musl/-/resvg-js-linux-arm64-musl-2.6.2.tgz",
      "integrity": "sha512-3h3dLPWNgSsD4lQBJPb4f+kvdOSJHa5PjTYVsWHxLUzH4IFTJUAnmuWpw4KqyQ3NA5QCyhw4TWgxk3jRkQxEKg==",
      "cpu": [
        "arm64"
      ],
      "libc": [
        "musl"
      ],
      "license": "MPL-2.0",
      "optional": true,
      "os": [
        "linux"
      ],
      "engines": {
        "node": ">= 10"
      }
    },
    "node_modules/@resvg/resvg-js-linux-x64-gnu": {
      "version": "2.6.2",
      "resolved": "https://registry.npmjs.org/@resvg/resvg-js-linux-x64-gnu/-/resvg-js-linux-x64-gnu-2.6.2.tgz",
      "integrity": "sha512-IVUe+ckIerA7xMZ50duAZzwf1U7khQe2E0QpUxu5MBJNao5RqC0zwV/Zm965vw6D3gGFUl7j4m+oJjubBVoftw==",
      "cpu": [
        "x64"
      ],
      "libc": [
        "glibc"
      ],
      "license": "MPL-2.0",
      "optional": true,
      "os": [
        "linux"
      ],
      "engines": {
        "node": ">= 10"
      }
    },
    "node_modules/@resvg/resvg-js-linux-x64-musl": {
      "version": "2.6.2",
      "resolved": "https://registry.npmjs.org/@resvg/resvg-js-linux-x64-musl/-/resvg-js-linux-x64-musl-2.6.2.tgz",
      "integrity": "sha512-UOf83vqTzoYQO9SZ0fPl2ZIFtNIz/Rr/y+7X8XRX1ZnBYsQ/tTb+cj9TE+KHOdmlTFBxhYzVkP2lRByCzqi4jQ==",
      "cpu": [
        "x64"
      ],
      "libc": [
        "musl"
      ],
      "license": "MPL-2.0",
      "optional": true,
      "os": [
        "linux"
      ],
      "engines": {
        "node": ">= 10"
      }
    },
    "node_modules/@resvg/resvg-js-win32-arm64-msvc": {
      "version": "2.6.2",
      "resolved": "https://registry.npmjs.org/@resvg/resvg-js-win32-arm64-msvc/-/resvg-js-win32-arm64-msvc-2.6.2.tgz",
      "integrity": "sha512-7C/RSgCa+7vqZ7qAbItfiaAWhyRSoD4l4BQAbVDqRRsRgY+S+hgS3in0Rxr7IorKUpGE69X48q6/nOAuTJQxeQ==",
      "cpu": [
        "arm64"
      ],
      "license": "MPL-2.0",
      "optional": true,
      "os": [
        "win32"
      ],
      "engines": {
        "node": ">= 10"
      }
    },
    "node_modules/@resvg/resvg-js-win32-ia32-msvc": {
      "version": "2.6.2",
      "resolved": "https://registry.npmjs.org/@resvg/resvg-js-win32-ia32-msvc/-/resvg-js-win32-ia32-msvc-2.6.2.tgz",
      "integrity": "sha512-har4aPAlvjnLcil40AC77YDIk6loMawuJwFINEM7n0pZviwMkMvjb2W5ZirsNOZY4aDbo5tLx0wNMREp5Brk+w==",
      "cpu": [
        "ia32"
      ],
      "license": "MPL-2.0",
      "optional": true,
      "os": [
        "win32"
      ],
      "engines": {
        "node": ">= 10"
      }
    },
    "node_modules/@resvg/resvg-js-win32-x64-msvc": {
      "version": "2.6.2",
      "resolved": "https://registry.npmjs.org/@resvg/resvg-js-win32-x64-msvc/-/resvg-js-win32-x64-msvc-2.6.2.tgz",
      "integrity": "sha512-ZXtYhtUr5SSaBrUDq7DiyjOFJqBVL/dOBN7N/qmi/pO0IgiWW/f/ue3nbvu9joWE5aAKDoIzy/CxsY0suwGosQ==",
      "cpu": [
        "x64"
      ],
      "license": "MPL-2.0",
      "optional": true,
      "os": [
        "win32"
      ],
      "engines": {
        "node": ">= 10"
      }
    },
    "node_modules/ansi-regex": {
      "version": "6.3.0",
      "resolved": "https://registry.npmjs.org/ansi-regex/-/ansi-regex-6.3.0.tgz",
      "integrity": "sha512-WpDfL7NO6j7tH88IDBNVdUJxDh9nmCteAVW9dsep846XdwF4naCBK+/tGLX3KJgcpgMRXCFlTM2hKGoK9FsdrQ==",
      "license": "MIT",
      "engines": {
        "node": ">=12"
      },
      "funding": {
        "url": "https://github.com/chalk/ansi-regex?sponsor=1"
      }
    },
    "node_modules/commander": {
      "version": "9.2.0",
      "resolved": "https://registry.npmjs.org/commander/-/commander-9.2.0.tgz",
      "integrity": "sha512-e2i4wANQiSXgnrBlIatyHtP1odfUp0BbV5Y5nEGbxtIrStkEOAAzCUirvLBNXHLr7kwLvJl6V+4V3XV9x7Wd9w==",
      "license": "MIT",
      "engines": {
        "node": "^12.20.0 || >=14"
      }
    },
    "node_modules/emoji-regex": {
      "version": "10.6.0",
      "resolved": "https://registry.npmjs.org/emoji-regex/-/emoji-regex-10.6.0.tgz",
      "integrity": "sha512-toUI84YS5YmxW219erniWD0CIVOo46xGKColeNQRgOzDorgBi1v4D71/OFzgD9GO2UGKIv1C3Sp8DAn0+j5w7A==",
      "license": "MIT"
    },
    "node_modules/esm": {
      "version": "3.2.25",
      "resolved": "https://registry.npmjs.org/esm/-/esm-3.2.25.tgz",
      "integrity": "sha512-U1suiZ2oDVWv4zPO56S0NcR5QriEahGtdN2OR6FiOG4WJvcjBVFB0qI4+eKoWFH483PKGuLuu6V8Z4T5g63UVA==",
      "license": "MIT",
      "engines": {
        "node": ">=6"
      }
    },
    "node_modules/get-east-asian-width": {
      "version": "1.6.0",
      "resolved": "https://registry.npmjs.org/get-east-asian-width/-/get-east-asian-width-1.6.0.tgz",
      "integrity": "sha512-QRbvDIbx6YklUe6RxeTeleMR0yv3cYH6PsPZHcnVn7xv7zO1BHN8r0XETu8n6Ye3Q+ahtSarc3WgtNWmehIBfA==",
      "license": "MIT",
      "engines": {
        "node": ">=18"
      },
      "funding": {
        "url": "https://github.com/sponsors/sindresorhus"
      }
    },
    "node_modules/mathjax-full": {
      "version": "3.2.2",
      "resolved": "https://registry.npmjs.org/mathjax-full/-/mathjax-full-3.2.2.tgz",
      "integrity": "sha512-+LfG9Fik+OuI8SLwsiR02IVdjcnRCy5MufYLi0C3TdMT56L/pjB0alMVGgoWJF8pN9Rc7FESycZB9BMNWIid5w==",
      "deprecated": "Version 4 replaces this package with the scoped package @mathjax/src",
      "license": "Apache-2.0",
      "dependencies": {
        "esm": "^3.2.25",
        "mhchemparser": "^4.1.0",
        "mj-context-menu": "^0.6.1",
        "speech-rule-engine": "^4.0.6"
      }
    },
    "node_modules/mhchemparser": {
      "version": "4.2.1",
      "resolved": "https://registry.npmjs.org/mhchemparser/-/mhchemparser-4.2.1.tgz",
      "integrity": "sha512-kYmyrCirqJf3zZ9t/0wGgRZ4/ZJw//VwaRVGA75C4nhE60vtnIzhl9J9ndkX/h6hxSN7pjg/cE0VxbnNM+bnDQ==",
      "license": "Apache-2.0"
    },
    "node_modules/mj-context-menu": {
      "version": "0.6.1",
      "resolved": "https://registry.npmjs.org/mj-context-menu/-/mj-context-menu-0.6.1.tgz",
      "integrity": "sha512-7NO5s6n10TIV96d4g2uDpG7ZDpIhMh0QNfGdJw/W47JswFcosz457wqz/b5sAKvl12sxINGFCn80NZHKwxQEXA==",
      "license": "Apache-2.0"
    },
    "node_modules/smol-toml": {
      "version": "1.8.0",
      "resolved": "https://registry.npmjs.org/smol-toml/-/smol-toml-1.8.0.tgz",
      "integrity": "sha512-kCZr2V3ch9i00x8zXRhjUNVcjG9ijES5dDudkXvUVCT5QlJNQWElSJdZqyPemffHoLNUYwOcou0Fy+ojN0uHSQ==",
      "license": "BSD-3-Clause",
      "engines": {
        "node": ">= 18"
      },
      "funding": {
        "url": "https://github.com/sponsors/cyyynthia"
      }
    },
    "node_modules/speech-rule-engine": {
      "version": "4.0.7",
      "resolved": "https://registry.npmjs.org/speech-rule-engine/-/speech-rule-engine-4.0.7.tgz",
      "integrity": "sha512-sJrL3/wHzNwJRLBdf6CjJWIlxC04iYKkyXvYSVsWVOiC2DSkHmxsqOhEeMsBA9XK+CHuNcsdkbFDnoUfAsmp9g==",
      "license": "Apache-2.0",
      "dependencies": {
        "commander": "9.2.0",
        "wicked-good-xpath": "1.3.0",
        "xmldom-sre": "0.1.31"
      },
      "bin": {
        "sre": "bin/sre"
      }
    },
    "node_modules/string-width": {
      "version": "7.2.0",
      "resolved": "https://registry.npmjs.org/string-width/-/string-width-7.2.0.tgz",
      "integrity": "sha512-tsaTIkKW9b4N+AEj+SVA+WhJzV7/zMhcSu78mLKWSk7cXMOSHsBKFWUs0fWwq8QyK3MgJBQRX6Gbi4kYbdvGkQ==",
      "license": "MIT",
      "dependencies": {
        "emoji-regex": "^10.3.0",
        "get-east-asian-width": "^1.0.0",
        "strip-ansi": "^7.1.0"
      },
      "engines": {
        "node": ">=18"
      },
      "funding": {
        "url": "https://github.com/sponsors/sindresorhus"
      }
    },
    "node_modules/strip-ansi": {
      "version": "7.2.0",
      "resolved": "https://registry.npmjs.org/strip-ansi/-/strip-ansi-7.2.0.tgz",
      "integrity": "sha512-yDPMNjp4WyfYBkHnjIRLfca1i6KMyGCtsVgoKe/z1+6vukgaENdgGBZt+ZmKPc4gavvEZ5OgHfHdrazhgNyG7w==",
      "license": "MIT",
      "dependencies": {
        "ansi-regex": "^6.2.2"
      },
      "engines": {
        "node": ">=12"
      },
      "funding": {
        "url": "https://github.com/chalk/strip-ansi?sponsor=1"
      }
    },
    "node_modules/wicked-good-xpath": {
      "version": "1.3.0",
      "resolved": "https://registry.npmjs.org/wicked-good-xpath/-/wicked-good-xpath-1.3.0.tgz",
      "integrity": "sha512-Gd9+TUn5nXdwj/hFsPVx5cuHHiF5Bwuc30jZ4+ronF1qHK5O7HD0sgmXWSEgwKquT3ClLoKPVbO6qGwVwLzvAw==",
      "license": "MIT"
    },
    "node_modules/xmldom-sre": {
      "version": "0.1.31",
      "resolved": "https://registry.npmjs.org/xmldom-sre/-/xmldom-sre-0.1.31.tgz",
      "integrity": "sha512-f9s+fUkX04BxQf+7mMWAp5zk61pciie+fFLC9hX9UVvCeJQfNHRHXpeo5MPcR0EUf57PYLdt+ZO4f3Ipk2oZUw==",
      "license": "(LGPL-2.0 or MIT)",
      "engines": {
        "node": ">=0.1"
      }
    }
  }
}
